
Microsoft Visual Studio Solution File, Format Version 12.00
# Visual Studio Version 17
VisualStudioVersion = 17.11.35222.181
MinimumVisualStudioVersion = 10.0.40219.1
Project("{9A19103F-16F7-4668-BE54-9A1E7A4F7556}") = "ApiWeather", "ApiWeather\ApiWeather.csproj", "{95E23114-F76C-473D-9D76-1DED6A3E1C30}"
EndProject
Project("{FAE04EC0-301F-11D3-BF4B-00C04F79EFBC}") = "ApiWeatherConsume", "ApiWeatherConsume\ApiWeatherConsume.csproj", "{78D68CE1-9E17-4D35-AC16-DEED04C55CDD}"
EndProject
Global
	GlobalSection(SolutionConfigurationPlatforms) = preSolution
		Debug|Any CPU = Debug|Any CPU
		Release|Any CPU = Release|Any CPU
	EndGlobalSection
	GlobalSection(ProjectConfigurationPlatforms) = postSolution
		{95E23114-F76C-473D-9D76-1DED6A3E1C30}.Debug|Any CPU.ActiveCfg = Debug|Any CPU
		{95E23114-F76C-473D-9D76-1DED6A3E1C30}.Debug|Any CPU.Build.0 = Debug|Any CPU
		{95E23114-F76C-473D-9D76-1DED6A3E1C30}.Release|Any CPU.ActiveCfg = Release|Any CPU
		{95E23114-F76C-473D-9D76-1DED6A3E1C30}.Release|Any CPU.Build.0 = Release|Any CPU
		{78D68CE1-9E17-4D35-AC16-DEED04C55CDD}.Debug|Any CPU.ActiveCfg = Debug|Any CPU
		{78D68CE1-9E17-4D35-AC16-DEED04C55CDD}.Debug|Any CPU.Build.0 = Debug|Any CPU
		{78D68CE1-9E17-4D35-AC16-DEED04C55CDD}.Release|Any CPU.ActiveCfg = Release|Any CPU
		{78D68CE1-9E17-4D35-AC16-DEED04C55CDD}.Release|Any CPU.Build.0 = Release|Any CPU
	EndGlobalSection
	GlobalSection(SolutionProperties) = preSolution
		HideSolutionNode = FALSE
	EndGlobalSection
	GlobalSection(ExtensibilityGlobals) = postSolution
		SolutionGuid = {FDF5026F-0F6F-4ED7-B469-C36896F266B1}
	EndGlobalSection
EndGlobal
